{
  "name": "hono",
  "lockfileVersion": 2,
  "requires": true,
  "packages": {
    "": {
      "name": "hono",
      "dependencies": {
        "hono": "^2.0.9"
      },
      "devDependencies": {
        "bun-types": "^0.1.0"
      }
    },
    "node_modules/bun-types": {
      "version": "0.1.8",
      "resolved": "https://registry.npmjs.org/bun-types/-/bun-types-0.1.8.tgz",
      "integrity": "sha512-gIcflj8Urhq38QsIeZBeFsJyrJ0k2MUsxYJ4nNW2mkPLmvfvT+wyqdvXRpZVVEFtFZeGYXmihZW3AymWEXdbEA==",
      "dev": true
    },
    "node_modules/hono": {
      "version": "2.0.9",
      "resolved": "https://registry.npmjs.org/hono/-/hono-2.0.9.tgz",
      "integrity": "sha512-Uw/CQVeNBCSjXFgv5N1TDOSypRmDNkS0nFzGV40B94YmNQnkW+xod82ElApTstotR5ps3Kxb2JJ/EkSaWkT81w==",
      "engines": {
        "node": ">=11.0.0"
      }
    }
  },
  "dependencies": {
    "bun-types": {
      "version": "0.1.8",
      "resolved": "https://registry.npmjs.org/bun-types/-/bun-types-0.1.8.tgz",
      "integrity": "sha512-gIcflj8Urhq38QsIeZBeFsJyrJ0k2MUsxYJ4nNW2mkPLmvfvT+wyqdvXRpZVVEFtFZeGYXmihZW3AymWEXdbEA==",
      "dev": true
    },
    "hono": {
      "version": "2.0.9",
      "resolved": "https://registry.npmjs.org/hono/-/hono-2.0.9.tgz",
      "integrity": "sha512-Uw/CQVeNBCSjXFgv5N1TDOSypRmDNkS0nFzGV40B94YmNQnkW+xod82ElApTstotR5ps3Kxb2JJ/EkSaWkT81w=="
    }
  }
}
